
Microsoft Visual Studio Solution File, Format Version 12.00
# Visual Studio Version 17
VisualStudioVersion = 17.5.33516.290
MinimumVisualStudioVersion = 10.0.40219.1
Project("{FAE04EC0-301F-11D3-BF4B-00C04F79EFBC}") = "HackerNewsApi", "HackerNewsApi\HackerNewsApi.csproj", "{53C6C53F-934F-4A52-A95D-4795AE715240}"
EndProject
Global
	GlobalSection(SolutionConfigurationPlatforms) = preSolution
		Debug|Any CPU = Debug|Any CPU
		Release|Any CPU = Release|Any CPU
	EndGlobalSection
	GlobalSection(ProjectConfigurationPlatforms) = postSolution
		{53C6C53F-934F-4A52-A95D-4795AE715240}.Debug|Any CPU.ActiveCfg = Debug|Any CPU
		{53C6C53F-934F-4A52-A95D-4795AE715240}.Debug|Any CPU.Build.0 = Debug|Any CPU
		{53C6C53F-934F-4A52-A95D-4795AE715240}.Release|Any CPU.ActiveCfg = Release|Any CPU
		{53C6C53F-934F-4A52-A95D-4795AE715240}.Release|Any CPU.Build.0 = Release|Any CPU
	EndGlobalSection
	GlobalSection(SolutionProperties) = preSolution
		HideSolutionNode = FALSE
	EndGlobalSection
	GlobalSection(ExtensibilityGlobals) = postSolution
		SolutionGuid = {8BE24E0F-8D6E-4D67-94AB-76040C6F1212}
	EndGlobalSection
EndGlobal
